{
  "name": "@tarocch1/sitegen",
  "version": "0.0.1",
  "lockfileVersion": 1,
  "requires": true,
  "dependencies": {
    "anymatch": {
      "version": "3.1.1",
      "resolved": "https://registry.npm.taobao.org/anymatch/download/anymatch-3.1.1.tgz",
      "integrity": "sha1-xV7PAhheJGklk5kxDBc84xIzsUI=",
      "requires": {
        "normalize-path": "^3.0.0",
        "picomatch": "^2.0.4"
      }
    },
    "argparse": {
      "version": "2.0.1",
      "resolved": "https://registry.npm.taobao.org/argparse/download/argparse-2.0.1.tgz?cache=0&sync_timestamp=1598649734444&other_urls=https%3A%2F%2Fregistry.npm.taobao.org%2Fargparse%2Fdownload%2Fargparse-2.0.1.tgz",
      "integrity": "sha1-JG9Q88p4oyQPbJl+ipvR6sSeSzg="
    },
    "binary-extensions": {
      "version": "2.2.0",
      "resolved": "https://registry.npm.taobao.org/binary-extensions/download/binary-extensions-2.2.0.tgz",
      "integrity": "sha1-dfUC7q+f/eQvyYgpZFvk6na9ni0="
    },
    "braces": {
      "version": "3.0.2",
      "resolved": "https://registry.npm.taobao.org/braces/download/braces-3.0.2.tgz",
      "integrity": "sha1-NFThpGLujVmeI23zNs2epPiv4Qc=",
      "requires": {
        "fill-range": "^7.0.1"
      }
    },
    "chokidar": {
      "version": "3.5.1",
      "resolved": "https://registry.npm.taobao.org/chokidar/download/chokidar-3.5.1.tgz",
      "integrity": "sha1-7pznu+vSt59J8wR5nVRo4x4U5oo=",
      "requires": {
        "anymatch": "~3.1.1",
        "braces": "~3.0.2",
        "fsevents": "~2.3.1",
        "glob-parent": "~5.1.0",
        "is-binary-path": "~2.1.0",
        "is-glob": "~4.0.1",
        "normalize-path": "~3.0.0",
        "readdirp": "~3.5.0"
      }
    },
    "clipboard": {
      "version": "2.0.6",
      "resolved": "https://registry.npm.taobao.org/clipboard/download/clipboard-2.0.6.tgz",
      "integrity": "sha1-UpISlu7A/fd+rRdJQhshyWhkc3Y=",
      "optional": true,
      "requires": {
        "good-listener": "^1.2.2",
        "select": "^1.1.2",
        "tiny-emitter": "^2.0.0"
      }
    },
    "commander": {
      "version": "7.1.0",
      "resolved": "https://registry.npm.taobao.org/commander/download/commander-7.1.0.tgz?cache=0&sync_timestamp=1613374024216&other_urls=https%3A%2F%2Fregistry.npm.taobao.org%2Fcommander%2Fdownload%2Fcommander-7.1.0.tgz",
      "integrity": "sha1-8urs8THxDjbgfYlGmCJuNq4Otf8="
    },
    "delegate": {
      "version": "3.2.0",
      "resolved": "https://registry.npm.taobao.org/delegate/download/delegate-3.2.0.tgz",
      "integrity": "sha1-tmtxwxWFIuirV0T3INjKDCr1kWY=",
      "optional": true
    },
    "entities": {
      "version": "2.1.0",
      "resolved": "https://registry.npm.taobao.org/entities/download/entities-2.1.0.tgz",
      "integrity": "sha1-mS0xKc999ocLlsV4WMJJoSD4uLU="
    },
    "fill-range": {
      "version": "7.0.1",
      "resolved": "https://registry.npm.taobao.org/fill-range/download/fill-range-7.0.1.tgz",
      "integrity": "sha1-GRmmp8df44ssfHflGYU12prN2kA=",
      "requires": {
        "to-regex-range": "^5.0.1"
      }
    },
    "fs-monkey": {
      "version": "1.0.1",
      "resolved": "https://registry.npm.taobao.org/fs-monkey/download/fs-monkey-1.0.1.tgz",
      "integrity": "sha1-SoLzaUQ2XmGfRFTZ//EGVTBnt4E="
    },
    "fsevents": {
      "version": "2.3.2",
      "resolved": "https://registry.npm.taobao.org/fsevents/download/fsevents-2.3.2.tgz",
      "integrity": "sha1-ilJveLj99GI7cJ4Ll1xSwkwC/Ro=",
      "optional": true
    },
    "glob-parent": {
      "version": "5.1.1",
      "resolved": "https://registry.npm.taobao.org/glob-parent/download/glob-parent-5.1.1.tgz",
      "integrity": "sha1-tsHvQXxOVmPqSY8cRa+saRa7wik=",
      "requires": {
        "is-glob": "^4.0.1"
      }
    },
    "good-listener": {
      "version": "1.2.2",
      "resolved": "https://registry.npm.taobao.org/good-listener/download/good-listener-1.2.2.tgz",
      "integrity": "sha1-1TswzfkxPf+33JoNR3CWqm0UXFA=",
      "optional": true,
      "requires": {
        "delegate": "^3.1.2"
      }
    },
    "handlebars": {
      "version": "4.7.7",
      "resolved": "https://registry.npm.taobao.org/handlebars/download/handlebars-4.7.7.tgz?cache=0&sync_timestamp=1613385269284&other_urls=https%3A%2F%2Fregistry.npm.taobao.org%2Fhandlebars%2Fdownload%2Fhandlebars-4.7.7.tgz",
      "integrity": "sha1-nOM0FqrQLb1sj6+oJA1dmABJRaE=",
      "requires": {
        "minimist": "^1.2.5",
        "neo-async": "^2.6.0",
        "source-map": "^0.6.1",
        "uglify-js": "^3.1.4",
        "wordwrap": "^1.0.0"
      }
    },
    "is-binary-path": {
      "version": "2.1.0",
      "resolved": "https://registry.npm.taobao.org/is-binary-path/download/is-binary-path-2.1.0.tgz",
      "integrity": "sha1-6h9/O4DwZCNug0cPhsCcJU+0Wwk=",
      "requires": {
        "binary-extensions": "^2.0.0"
      }
    },
    "is-extglob": {
      "version": "2.1.1",
      "resolved": "https://registry.npm.taobao.org/is-extglob/download/is-extglob-2.1.1.tgz",
      "integrity": "sha1-qIwCU1eR8C7TfHahueqXc8gz+MI="
    },
    "is-glob": {
      "version": "4.0.1",
      "resolved": "https://registry.npm.taobao.org/is-glob/download/is-glob-4.0.1.tgz",
      "integrity": "sha1-dWfb6fL14kZ7x3q4PEopSCQHpdw=",
      "requires": {
        "is-extglob": "^2.1.1"
      }
    },
    "is-number": {
      "version": "7.0.0",
      "resolved": "https://registry.npm.taobao.org/is-number/download/is-number-7.0.0.tgz",
      "integrity": "sha1-dTU0W4lnNNX4DE0GxQlVUnoU8Ss="
    },
    "linkify-it": {
      "version": "3.0.2",
      "resolved": "https://registry.npm.taobao.org/linkify-it/download/linkify-it-3.0.2.tgz",
      "integrity": "sha1-9V7ri8HTrnVASeEkqzu1bZd5f7g=",
      "requires": {
        "uc.micro": "^1.0.1"
      }
    },
    "lodash": {
      "version": "4.17.21",
      "resolved": "https://registry.npm.taobao.org/lodash/download/lodash-4.17.21.tgz?cache=0&sync_timestamp=1613835838133&other_urls=https%3A%2F%2Fregistry.npm.taobao.org%2Flodash%2Fdownload%2Flodash-4.17.21.tgz",
      "integrity": "sha1-Z5WRxWTDv/quhFTPCz3zcMPWkRw="
    },
    "markdown-it": {
      "version": "12.0.4",
      "resolved": "https://registry.npm.taobao.org/markdown-it/download/markdown-it-12.0.4.tgz?cache=0&sync_timestamp=1608478523224&other_urls=https%3A%2F%2Fregistry.npm.taobao.org%2Fmarkdown-it%2Fdownload%2Fmarkdown-it-12.0.4.tgz",
      "integrity": "sha1-7sgkfSljJ+rDupdGve7Jz8x1HjM=",
      "requires": {
        "argparse": "^2.0.1",
        "entities": "~2.1.0",
        "linkify-it": "^3.0.1",
        "mdurl": "^1.0.1",
        "uc.micro": "^1.0.5"
      }
    },
    "markdown-it-abbr": {
      "version": "1.0.4",
      "resolved": "https://registry.npm.taobao.org/markdown-it-abbr/download/markdown-it-abbr-1.0.4.tgz",
      "integrity": "sha1-1mtTZFIcuz3Yqlna37ovtoZcj9g="
    },
    "markdown-it-anchor": {
      "version": "7.0.2",
      "resolved": "https://registry.npm.taobao.org/markdown-it-anchor/download/markdown-it-anchor-7.0.2.tgz",
      "integrity": "sha1-GsKCYeDqN3uCmKGmdg5CKSE0agM="
    },
    "markdown-it-emoji": {
      "version": "2.0.0",
      "resolved": "https://registry.npm.taobao.org/markdown-it-emoji/download/markdown-it-emoji-2.0.0.tgz",
      "integrity": "sha1-MWStTACe/ZRumCdPdWKtYRCJojE="
    },
    "markdown-it-footnote": {
      "version": "3.0.2",
      "resolved": "https://registry.npm.taobao.org/markdown-it-footnote/download/markdown-it-footnote-3.0.2.tgz",
      "integrity": "sha1-FXXuegk2SNTglqozOGsFjZKsi8E="
    },
    "markdown-it-for-inline": {
      "version": "0.1.1",
      "resolved": "https://registry.npm.taobao.org/markdown-it-for-inline/download/markdown-it-for-inline-0.1.1.tgz",
      "integrity": "sha1-Q18jFvW15o4UUM+iJC8rjVmtx18="
    },
    "markdown-it-ins": {
      "version": "3.0.1",
      "resolved": "https://registry.npm.taobao.org/markdown-it-ins/download/markdown-it-ins-3.0.1.tgz",
      "integrity": "sha1-wJNWuRfPHb9zrdCyddZ6uMc9S00="
    },
    "markdown-it-mark": {
      "version": "3.0.1",
      "resolved": "https://registry.npm.taobao.org/markdown-it-mark/download/markdown-it-mark-3.0.1.tgz",
      "integrity": "sha1-USV9tYeH14qvRtwTQY2ZqfPw69M="
    },
    "markdown-it-sub": {
      "version": "1.0.0",
      "resolved": "https://registry.npm.taobao.org/markdown-it-sub/download/markdown-it-sub-1.0.0.tgz",
      "integrity": "sha1-N1/WAm6ufdywEkl/ZBEZXqHjr+g="
    },
    "markdown-it-sup": {
      "version": "1.0.0",
      "resolved": "https://registry.npm.taobao.org/markdown-it-sup/download/markdown-it-sup-1.0.0.tgz",
      "integrity": "sha1-y5yf+RpSVawI8/09YyhuFd8KH8M="
    },
    "mdurl": {
      "version": "1.0.1",
      "resolved": "https://registry.npm.taobao.org/mdurl/download/mdurl-1.0.1.tgz",
      "integrity": "sha1-/oWy7HWlkDfyrf7BAP1sYBdhFS4="
    },
    "memfs": {
      "version": "3.2.0",
      "resolved": "https://registry.npm.taobao.org/memfs/download/memfs-3.2.0.tgz",
      "integrity": "sha1-+UOOYitazR2qikrhYMSW/dEyWyY=",
      "requires": {
        "fs-monkey": "1.0.1"
      }
    },
    "mime-db": {
      "version": "1.46.0",
      "resolved": "https://registry.npm.taobao.org/mime-db/download/mime-db-1.46.0.tgz?cache=0&sync_timestamp=1613194712759&other_urls=https%3A%2F%2Fregistry.npm.taobao.org%2Fmime-db%2Fdownload%2Fmime-db-1.46.0.tgz",
      "integrity": "sha1-Ymd0in95lZTePLyM3pHe80lmHO4="
    },
    "mime-types": {
      "version": "2.1.29",
      "resolved": "https://registry.npm.taobao.org/mime-types/download/mime-types-2.1.29.tgz?cache=0&other_urls=https%3A%2F%2Fregistry.npm.taobao.org%2Fmime-types%2Fdownload%2Fmime-types-2.1.29.tgz",
      "integrity": "sha1-HUq3faZLkfX3JInfKSNlY3VLsbI=",
      "requires": {
        "mime-db": "1.46.0"
      }
    },
    "minimist": {
      "version": "1.2.5",
      "resolved": "https://registry.npm.taobao.org/minimist/download/minimist-1.2.5.tgz",
      "integrity": "sha1-Z9ZgFLZqaoqqDAg8X9WN9OTpdgI="
    },
    "neo-async": {
      "version": "2.6.2",
      "resolved": "https://registry.npm.taobao.org/neo-async/download/neo-async-2.6.2.tgz?cache=0&sync_timestamp=1594317434347&other_urls=https%3A%2F%2Fregistry.npm.taobao.org%2Fneo-async%2Fdownload%2Fneo-async-2.6.2.tgz",
      "integrity": "sha1-tKr7k+OustgXTKU88WOrfXMIMF8="
    },
    "normalize-path": {
      "version": "3.0.0",
      "resolved": "https://registry.npm.taobao.org/normalize-path/download/normalize-path-3.0.0.tgz",
      "integrity": "sha1-Dc1p/yOhybEf0JeDFmRKA4ghamU="
    },
    "normalize.css": {
      "version": "8.0.1",
      "resolved": "https://registry.npm.taobao.org/normalize.css/download/normalize.css-8.0.1.tgz",
      "integrity": "sha1-m5iiCHOLnMJjTKrLxC0THJdIe/M="
    },
    "picomatch": {
      "version": "2.2.2",
      "resolved": "https://registry.npm.taobao.org/picomatch/download/picomatch-2.2.2.tgz",
      "integrity": "sha1-IfMz6ba46v8CRo9RRupAbTRfTa0="
    },
    "prismjs": {
      "version": "1.23.0",
      "resolved": "https://registry.npm.taobao.org/prismjs/download/prismjs-1.23.0.tgz?cache=0&sync_timestamp=1609438630965&other_urls=https%3A%2F%2Fregistry.npm.taobao.org%2Fprismjs%2Fdownload%2Fprismjs-1.23.0.tgz",
      "integrity": "sha1-07OWf31yRAaQSXZSqdQP8EYGfzM=",
      "requires": {
        "clipboard": "^2.0.0"
      }
    },
    "readdirp": {
      "version": "3.5.0",
      "resolved": "https://registry.npm.taobao.org/readdirp/download/readdirp-3.5.0.tgz?cache=0&sync_timestamp=1602584331621&other_urls=https%3A%2F%2Fregistry.npm.taobao.org%2Freaddirp%2Fdownload%2Freaddirp-3.5.0.tgz",
      "integrity": "sha1-m6dMAZsV02UnjS6Ru4xI17TULJ4=",
      "requires": {
        "picomatch": "^2.2.1"
      }
    },
    "select": {
      "version": "1.1.2",
      "resolved": "https://registry.npm.taobao.org/select/download/select-1.1.2.tgz",
      "integrity": "sha1-DnNQrN7ICxEIUoeG7B1EGNEbOW0=",
      "optional": true
    },
    "source-map": {
      "version": "0.6.1",
      "resolved": "https://registry.npm.taobao.org/source-map/download/source-map-0.6.1.tgz",
      "integrity": "sha1-dHIq8y6WFOnCh6jQu95IteLxomM="
    },
    "tiny-emitter": {
      "version": "2.1.0",
      "resolved": "https://registry.npm.taobao.org/tiny-emitter/download/tiny-emitter-2.1.0.tgz",
      "integrity": "sha1-HRpW7fxRxD6GPLtTgqcjMONVVCM=",
      "optional": true
    },
    "to-regex-range": {
      "version": "5.0.1",
      "resolved": "https://registry.npm.taobao.org/to-regex-range/download/to-regex-range-5.0.1.tgz",
      "integrity": "sha1-FkjESq58jZiKMmAY7XL1tN0DkuQ=",
      "requires": {
        "is-number": "^7.0.0"
      }
    },
    "uc.micro": {
      "version": "1.0.6",
      "resolved": "https://registry.npm.taobao.org/uc.micro/download/uc.micro-1.0.6.tgz",
      "integrity": "sha1-nEEagCpAmpH8bPdAgbq6NLJEmaw="
    },
    "uglify-js": {
      "version": "3.12.8",
      "resolved": "https://registry.npm.taobao.org/uglify-js/download/uglify-js-3.12.8.tgz?cache=0&sync_timestamp=1613235188925&other_urls=https%3A%2F%2Fregistry.npm.taobao.org%2Fuglify-js%2Fdownload%2Fuglify-js-3.12.8.tgz",
      "integrity": "sha1-qC5uU8m+FPc4LePQaO8eJufUqvg=",
      "optional": true
    },
    "wordwrap": {
      "version": "1.0.0",
      "resolved": "https://registry.npm.taobao.org/wordwrap/download/wordwrap-1.0.0.tgz",
      "integrity": "sha1-J1hIEIkUVqQXHI0CJkQa3pDLyus="
    },
    "ws": {
      "version": "7.4.3",
      "resolved": "https://registry.npm.taobao.org/ws/download/ws-7.4.3.tgz?cache=0&sync_timestamp=1612293757126&other_urls=https%3A%2F%2Fregistry.npm.taobao.org%2Fws%2Fdownload%2Fws-7.4.3.tgz",
      "integrity": "sha1-H5ZD3jSlQ7jtsSS9y8RXrlWm5c0="
    }
  }
}
